// !$*UTF8*$!
{
	archiveVersion = 1;
	classes = {
	};
	objectVersion = 56;
	objects = {

/* Begin PBXBuildFile section */
		F9411B0629DE234B008A886B /* LoginScreenUIApp.swift in Sources */ = {isa = PBXBuildFile; fileRef = F9411B0529DE234B008A886B /* LoginScreenUIApp.swift */; };
		F9411B0829DE234B008A886B /* ContentView.swift in Sources */ = {isa = PBXBuildFile; fileRef = F9411B0729DE234B008A886B /* ContentView.swift */; };
		F9411B0A29DE234C008A886B /* Assets.xcassets in Resources */ = {isa = PBXBuildFile; fileRef = F9411B0929DE234C008A886B /* Assets.xcassets */; };
		F9411B0E29DE234C008A886B /* Preview Assets.xcassets in Resources */ = {isa = PBXBuildFile; fileRef = F9411B0D29DE234C008A886B /* Preview Assets.xcassets */; };
		F9411B1829DE234C008A886B /* LoginScreenUITests.swift in Sources */ = {isa = PBXBuildFile; fileRef = F9411B1729DE234C008A886B /* LoginScreenUITests.swift */; };
		F9411B2229DE234C008A886B /* LoginScreenUIUITests.swift in Sources */ = {isa = PBXBuildFile; fileRef = F9411B2129DE234C008A886B /* LoginScreenUIUITests.swift */; };
		F9411B2429DE234C008A886B /* LoginScreenUIUITestsLaunchTests.swift in Sources */ = {isa = PBXBuildFile; fileRef = F9411B2329DE234C008A886B /* LoginScreenUIUITestsLaunchTests.swift */; };
/* End PBXBuildFile section */

/* Begin PBXContainerItemProxy section */
		F9411B1429DE234C008A886B /* PBXContainerItemProxy */ = {
			isa = PBXContainerItemProxy;
			containerPortal = F9411AFA29DE234B008A886B /* Project object */;
			proxyType = 1;
			remoteGlobalIDString = F9411B0129DE234B008A886B;
			remoteInfo = LoginScreenUI;
		};
		F9411B1E29DE234C008A886B /* PBXContainerItemProxy */ = {
			isa = PBXContainerItemProxy;
			containerPortal = F9411AFA29DE234B008A886B /* Project object */;
			proxyType = 1;
			remoteGlobalIDString = F9411B0129DE234B008A886B;
			remoteInfo = LoginScreenUI;
		};
/* End PBXContainerItemProxy section */

/* Begin PBXFileReference section */
		F9411B0229DE234B008A886B /* LoginScreenUI.app */ = {isa = PBXFileReference; explicitFileType = wrapper.application; includeInIndex = 0; path = LoginScreenUI.app; sourceTree = BUILT_PRODUCTS_DIR; };
		F9411B0529DE234B008A886B /* LoginScreenUIApp.swift */ = {isa = PBXFileReference; lastKnownFileType = sourcecode.swift; path = LoginScreenUIApp.swift; sourceTree = "<group>"; };
		F9411B0729DE234B008A886B /* ContentView.swift */ = {isa = PBXFileReference; lastKnownFileType = sourcecode.swift; path = ContentView.swift; sourceTree = "<group>"; };
		F9411B0929DE234C008A886B /* Assets.xcassets */ = {isa = PBXFileReference; lastKnownFileType = folder.assetcatalog; path = Assets.xcassets; sourceTree = "<group>"; };
		F9411B0B29DE234C008A886B /* LoginScreenUI.entitlements */ = {isa = PBXFileReference; lastKnownFileType = text.plist.entitlements; path = LoginScreenUI.entitlements; sourceTree = "<group>"; };
		F9411B0D29DE234C008A886B /* Preview Assets.xcassets */ = {isa = PBXFileReference; lastKnownFileType = folder.assetcatalog; path = "Preview Assets.xcassets"; sourceTree = "<group>"; };
		F9411B1329DE234C008A886B /* LoginScreenUITests.xctest */ = {isa = PBXFileReference; explicitFileType = wrapper.cfbundle; includeInIndex = 0; path = LoginScreenUITests.xctest; sourceTree = BUILT_PRODUCTS_DIR; };
		F9411B1729DE234C008A886B /* LoginScreenUITests.swift */ = {isa = PBXFileReference; lastKnownFileType = sourcecode.swift; path = LoginScreenUITests.swift; sourceTree = "<group>"; };
		F9411B1D29DE234C008A886B /* LoginScreenUIUITests.xctest */ = {isa = PBXFileReference; explicitFileType = wrapper.cfbundle; includeInIndex = 0; path = LoginScreenUIUITests.xctest; sourceTree = BUILT_PRODUCTS_DIR; };
		F9411B2129DE234C008A886B /* LoginScreenUIUITests.swift */ = {isa = PBXFileReference; lastKnownFileType = sourcecode.swift; path = LoginScreenUIUITests.swift; sourceTree = "<group>"; };
		F9411B2329DE234C008A886B /* LoginScreenUIUITestsLaunchTests.swift */ = {isa = PBXFileReference; lastKnownFileType = sourcecode.swift; path = LoginScreenUIUITestsLaunchTests.swift; sourceTree = "<group>"; };
/* End PBXFileReference section */

/* Begin PBXFrameworksBuildPhase section */
		F9411AFF29DE234B008A886B /* Frameworks */ = {
			isa = PBXFrameworksBuildPhase;
			buildActionMask = 2147483647;
			files = (
			);
			runOnlyForDeploymentPostprocessing = 0;
		};
		F9411B1029DE234C008A886B /* Frameworks */ = {
			isa = PBXFrameworksBuildPhase;
			buildActionMask = 2147483647;
			files = (
			);
			runOnlyForDeploymentPostprocessing = 0;
		};
		F9411B1A29DE234C008A886B /* Frameworks */ = {
			isa = PBXFrameworksBuildPhase;
			buildActionMask = 2147483647;
			files = (
			);
			runOnlyForDeploymentPostprocessing = 0;
		};
/* End PBXFrameworksBuildPhase section */

/* Begin PBXGroup section */
		F9411AF929DE234B008A886B = {
			isa = PBXGroup;
			children = (
				F9411B0429DE234B008A886B /* LoginScreenUI */,
				F9411B1629DE234C008A886B /* LoginScreenUITests */,
				F9411B2029DE234C008A886B /* LoginScreenUIUITests */,
				F9411B0329DE234B008A886B /* Products */,
			);
			sourceTree = "<group>";
		};
		F9411B0329DE234B008A886B /* Products */ = {
			isa = PBXGroup;
			children = (
				F9411B0229DE234B008A886B /* LoginScreenUI.app */,
				F9411B1329DE234C008A886B /* LoginScreenUITests.xctest */,
				F9411B1D29DE234C008A886B /* LoginScreenUIUITests.xctest */,
			);
			name = Products;
			sourceTree = "<group>";
		};
		F9411B0429DE234B008A886B /* LoginScreenUI */ = {
			isa = PBXGroup;
			children = (
				F9411B0529DE234B008A886B /* LoginScreenUIApp.swift */,
				F9411B0729DE234B008A886B /* ContentView.swift */,
				F9411B0929DE234C008A886B /* Assets.xcassets */,
				F9411B0B29DE234C008A886B /* LoginScreenUI.entitlements */,
				F9411B0C29DE234C008A886B /* Preview Content */,
			);
			path = LoginScreenUI;
			sourceTree = "<group>";
		};
		F9411B0C29DE234C008A886B /* Preview Content */ = {
			isa = PBXGroup;
			children = (
				F9411B0D29DE234C008A886B /* Preview Assets.xcassets */,
			);
			path = "Preview Content";
			sourceTree = "<group>";
		};
		F9411B1629DE234C008A886B /* LoginScreenUITests */ = {
			isa = PBXGroup;
			children = (
				F9411B1729DE234C008A886B /* LoginScreenUITests.swift */,
			);
			path = LoginScreenUITests;
			sourceTree = "<group>";
		};
		F9411B2029DE234C008A886B /* LoginScreenUIUITests */ = {
			isa = PBXGroup;
			children = (
				F9411B2129DE234C008A886B /* LoginScreenUIUITests.swift */,
				F9411B2329DE234C008A886B /* LoginScreenUIUITestsLaunchTests.swift */,
			);
			path = LoginScreenUIUITests;
			sourceTree = "<group>";
		};
/* End PBXGroup section */

/* Begin PBXNativeTarget section */
		F9411B0129DE234B008A886B /* LoginScreenUI */ = {
			isa = PBXNativeTarget;
			buildConfigurationList = F9411B2729DE234C008A886B /* Build configuration list for PBXNativeTarget "LoginScreenUI" */;
			buildPhases = (
				F9411AFE29DE234B008A886B /* Sources */,
				F9411AFF29DE234B008A886B /* Frameworks */,
				F9411B0029DE234B008A886B /* Resources */,
			);
			buildRules = (
			);
			dependencies = (
			);
			name = LoginScreenUI;
			productName = LoginScreenUI;
			productReference = F9411B0229DE234B008A886B /* LoginScreenUI.app */;
			productType = "com.apple.product-type.application";
		};
		F9411B1229DE234C008A886B /* LoginScreenUITests */ = {
			isa = PBXNativeTarget;
			buildConfigurationList = F9411B2A29DE234C008A886B /* Build configuration list for PBXNativeTarget "LoginScreenUITests" */;
			buildPhases = (
				F9411B0F29DE234C008A886B /* Sources */,
				F9411B1029DE234C008A886B /* Frameworks */,
				F9411B1129DE234C008A886B /* Resources */,
			);
			buildRules = (
			);
			dependencies = (
				F9411B1529DE234C008A886B /* PBXTargetDependency */,
			);
			name = LoginScreenUITests;
			productName = LoginScreenUITests;
			productReference = F9411B1329DE234C008A886B /* LoginScreenUITests.xctest */;
			productType = "com.apple.product-type.bundle.unit-test";
		};
		F9411B1C29DE234C008A886B /* LoginScreenUIUITests */ = {
			isa = PBXNativeTarget;
			buildConfigurationList = F9411B2D29DE234C008A886B /* Build configuration list for PBXNativeTarget "LoginScreenUIUITests" */;
			buildPhases = (
				F9411B1929DE234C008A886B /* Sources */,
				F9411B1A29DE234C008A886B /* Frameworks */,
				F9411B1B29DE234C008A886B /* Resources */,
			);
			buildRules = (
			);
			dependencies = (
				F9411B1F29DE234C008A886B /* PBXTargetDependency */,
			);
			name = LoginScreenUIUITests;
			productName = LoginScreenUIUITests;
			productReference = F9411B1D29DE234C008A886B /* LoginScreenUIUITests.xctest */;
			productType = "com.apple.product-type.bundle.ui-testing";
		};
/* End PBXNativeTarget section */

/* Begin PBXProject section */
		F9411AFA29DE234B008A886B /* Project object */ = {
			isa = PBXProject;
			attributes = {
				BuildIndependentTargetsInParallel = 1;
				LastSwiftUpdateCheck = 1430;
				LastUpgradeCheck = 1430;
				TargetAttributes = {
					F9411B0129DE234B008A886B = {
						CreatedOnToolsVersion = 14.3;
					};
					F9411B1229DE234C008A886B = {
						CreatedOnToolsVersion = 14.3;
						TestTargetID = F9411B0129DE234B008A886B;
					};
					F9411B1C29DE234C008A886B = {
						CreatedOnToolsVersion = 14.3;
						TestTargetID = F9411B0129DE234B008A886B;
					};
				};
			};
			buildConfigurationList = F9411AFD29DE234B008A886B /* Build configuration list for PBXProject "LoginScreenUI" */;
			compatibilityVersion = "Xcode 14.0";
			developmentRegion = en;
			hasScannedForEncodings = 0;
			knownRegions = (
				en,
				Base,
			);
			mainGroup = F9411AF929DE234B008A886B;
			productRefGroup = F9411B0329DE234B008A886B /* Products */;
			projectDirPath = "";
			projectRoot = "";
			targets = (
				F9411B0129DE234B008A886B /* LoginScreenUI */,
				F9411B1229DE234C008A886B /* LoginScreenUITests */,
				F9411B1C29DE234C008A886B /* LoginScreenUIUITests */,
			);
		};
/* End PBXProject section */

/* Begin PBXResourcesBuildPhase section */
		F9411B0029DE234B008A886B /* Resources */ = {
			isa = PBXResourcesBuildPhase;
			buildActionMask = 2147483647;
			files = (
				F9411B0E29DE234C008A886B /* Preview Assets.xcassets in Resources */,
				F9411B0A29DE234C008A886B /* Assets.xcassets in Resources */,
			);
			runOnlyForDeploymentPostprocessing = 0;
		};
		F9411B1129DE234C008A886B /* Resources */ = {
			isa = PBXResourcesBuildPhase;
			buildActionMask = 2147483647;
			files = (
			);
			runOnlyForDeploymentPostprocessing = 0;
		};
		F9411B1B29DE234C008A886B /* Resources */ = {
			isa = PBXResourcesBuildPhase;
			buildActionMask = 2147483647;
			files = (
			);
			runOnlyForDeploymentPostprocessing = 0;
		};
/* End PBXResourcesBuildPhase section */

/* Begin PBXSourcesBuildPhase section */
		F9411AFE29DE234B008A886B /* Sources */ = {
			isa = PBXSourcesBuildPhase;
			buildActionMask = 2147483647;
			files = (
				F9411B0829DE234B008A886B /* ContentView.swift in Sources */,
				F9411B0629DE234B008A886B /* LoginScreenUIApp.swift in Sources */,
			);
			runOnlyForDeploymentPostprocessing = 0;
		};
		F9411B0F29DE234C008A886B /* Sources */ = {
			isa = PBXSourcesBuildPhase;
			buildActionMask = 2147483647;
			files = (
				F9411B1829DE234C008A886B /* LoginScreenUITests.swift in Sources */,
			);
			runOnlyForDeploymentPostprocessing = 0;
		};
		F9411B1929DE234C008A886B /* Sources */ = {
			isa = PBXSourcesBuildPhase;
			buildActionMask = 2147483647;
			files = (
				F9411B2429DE234C008A886B /* LoginScreenUIUITestsLaunchTests.swift in Sources */,
				F9411B2229DE234C008A886B /* LoginScreenUIUITests.swift in Sources */,
			);
			runOnlyForDeploymentPostprocessing = 0;
		};
/* End PBXSourcesBuildPhase section */

/* Begin PBXTargetDependency section */
		F9411B1529DE234C008A886B /* PBXTargetDependency */ = {
			isa = PBXTargetDependency;
			target = F9411B0129DE234B008A886B /* LoginScreenUI */;
			targetProxy = F9411B1429DE234C008A886B /* PBXContainerItemProxy */;
		};
		F9411B1F29DE234C008A886B /* PBXTargetDependency */ = {
			isa = PBXTargetDependency;
			target = F9411B0129DE234B008A886B /* LoginScreenUI */;
			targetProxy = F9411B1E29DE234C008A886B /* PBXContainerItemProxy */;
		};
/* End PBXTargetDependency section */

/* Begin XCBuildConfiguration section */
		F9411B2529DE234C008A886B /* Debug */ = {
			isa = XCBuildConfiguration;
			buildSettings = {
				ALWAYS_SEARCH_USER_PATHS = NO;
				CLANG_ANALYZER_NONNULL = YES;
				CLANG_ANALYZER_NUMBER_OBJECT_CONVERSION = YES_AGGRESSIVE;
				CLANG_CXX_LANGUAGE_STANDARD = "gnu++20";
				CLANG_ENABLE_MODULES = YES;
				CLANG_ENABLE_OBJC_ARC = YES;
				CLANG_ENABLE_OBJC_WEAK = YES;
				CLANG_WARN_BLOCK_CAPTURE_AUTORELEASING = YES;
				CLANG_WARN_BOOL_CONVERSION = YES;
				CLANG_WARN_COMMA = YES;
				CLANG_WARN_CONSTANT_CONVERSION = YES;
				CLANG_WARN_DEPRECATED_OBJC_IMPLEMENTATIONS = YES;
				CLANG_WARN_DIRECT_OBJC_ISA_USAGE = YES_ERROR;
				CLANG_WARN_DOCUMENTATION_COMMENTS = YES;
				CLANG_WARN_EMPTY_BODY = YES;
				CLANG_WARN_ENUM_CONVERSION = YES;
				CLANG_WARN_INFINITE_RECURSION = YES;
				CLANG_WARN_INT_CONVERSION = YES;
				CLANG_WARN_NON_LITERAL_NULL_CONVERSION = YES;
				CLANG_WARN_OBJC_IMPLICIT_RETAIN_SELF = YES;
				CLANG_WARN_OBJC_LITERAL_CONVERSION = YES;
				CLANG_WARN_OBJC_ROOT_CLASS = YES_ERROR;
				CLANG_WARN_QUOTED_INCLUDE_IN_FRAMEWORK_HEADER = YES;
				CLANG_WARN_RANGE_LOOP_ANALYSIS = YES;
				CLANG_WARN_STRICT_PROTOTYPES = YES;
				CLANG_WARN_SUSPICIOUS_MOVE = YES;
				CLANG_WARN_UNGUARDED_AVAILABILITY = YES_AGGRESSIVE;
				CLANG_WARN_UNREACHABLE_CODE = YES;
				CLANG_WARN__DUPLICATE_METHOD_MATCH = YES;
				COPY_PHASE_STRIP = NO;
				DEBUG_INFORMATION_FORMAT = dwarf;
				ENABLE_STRICT_OBJC_MSGSEND = YES;
				ENABLE_TESTABILITY = YES;
				GCC_C_LANGUAGE_STANDARD = gnu11;
				GCC_DYNAMIC_NO_PIC = NO;
				GCC_NO_COMMON_BLOCKS = YES;
				GCC_OPTIMIZATION_LEVEL = 0;
				GCC_PREPROCESSOR_DEFINITIONS = (
					"DEBUG=1",
					"$(inherited)",
				);
				GCC_WARN_64_TO_32_BIT_CONVERSION = YES;
				GCC_WARN_ABOUT_RETURN_TYPE = YES_ERROR;
				GCC_WARN_UNDECLARED_SELECTOR = YES;
				GCC_WARN_UNINITIALIZED_AUTOS = YES_AGGRESSIVE;
				GCC_WARN_UNUSED_FUNCTION = YES;
				GCC_WARN_UNUSED_VARIABLE = YES;
				MTL_ENABLE_DEBUG_INFO = INCLUDE_SOURCE;
				MTL_FAST_MATH = YES;
				ONLY_ACTIVE_ARCH = YES;
				SWIFT_ACTIVE_COMPILATION_CONDITIONS = DEBUG;
				SWIFT_OPTIMIZATION_LEVEL = "-Onone";
			};
			name = Debug;
		};
		F9411B2629DE234C008A886B /* Release */ = {
			isa = XCBuildConfiguration;
			buildSettings = {
				ALWAYS_SEARCH_USER_PATHS = NO;
				CLANG_ANALYZER_NONNULL = YES;
				CLANG_ANALYZER_NUMBER_OBJECT_CONVERSION = YES_AGGRESSIVE;
				CLANG_CXX_LANGUAGE_STANDARD = "gnu++20";
				CLANG_ENABLE_MODULES = YES;
				CLANG_ENABLE_OBJC_ARC = YES;
				CLANG_ENABLE_OBJC_WEAK = YES;
				CLANG_WARN_BLOCK_CAPTURE_AUTORELEASING = YES;
				CLANG_WARN_BOOL_CONVERSION = YES;
				CLANG_WARN_COMMA = YES;
				CLANG_WARN_CONSTANT_CONVERSION = YES;
				CLANG_WARN_DEPRECATED_OBJC_IMPLEMENTATIONS = YES;
				CLANG_WARN_DIRECT_OBJC_ISA_USAGE = YES_ERROR;
				CLANG_WARN_DOCUMENTATION_COMMENTS = YES;
				CLANG_WARN_EMPTY_BODY = YES;
				CLANG_WARN_ENUM_CONVERSION = YES;
				CLANG_WARN_INFINITE_RECURSION = YES;
				CLANG_WARN_INT_CONVERSION = YES;
				CLANG_WARN_NON_LITERAL_NULL_CONVERSION = YES;
				CLANG_WARN_OBJC_IMPLICIT_RETAIN_SELF = YES;
				CLANG_WARN_OBJC_LITERAL_CONVERSION = YES;
				CLANG_WARN_OBJC_ROOT_CLASS = YES_ERROR;
				CLANG_WARN_QUOTED_INCLUDE_IN_FRAMEWORK_HEADER = YES;
				CLANG_WARN_RANGE_LOOP_ANALYSIS = YES;
				CLANG_WARN_STRICT_PROTOTYPES = YES;
				CLANG_WARN_SUSPICIOUS_MOVE = YES;
				CLANG_WARN_UNGUARDED_AVAILABILITY = YES_AGGRESSIVE;
				CLANG_WARN_UNREACHABLE_CODE = YES;
				CLANG_WARN__DUPLICATE_METHOD_MATCH = YES;
				COPY_PHASE_STRIP = NO;
				DEBUG_INFORMATION_FORMAT = "dwarf-with-dsym";
				ENABLE_NS_ASSERTIONS = NO;
				ENABLE_STRICT_OBJC_MSGSEND = YES;
				GCC_C_LANGUAGE_STANDARD = gnu11;
				GCC_NO_COMMON_BLOCKS = YES;
				GCC_WARN_64_TO_32_BIT_CONVERSION = YES;
				GCC_WARN_ABOUT_RETURN_TYPE = YES_ERROR;
				GCC_WARN_UNDECLARED_SELECTOR = YES;
				GCC_WARN_UNINITIALIZED_AUTOS = YES_AGGRESSIVE;
				GCC_WARN_UNUSED_FUNCTION = YES;
				GCC_WARN_UNUSED_VARIABLE = YES;
				MTL_ENABLE_DEBUG_INFO = NO;
				MTL_FAST_MATH = YES;
				SWIFT_COMPILATION_MODE = wholemodule;
				SWIFT_OPTIMIZATION_LEVEL = "-O";
			};
			name = Release;
		};
		F9411B2829DE234C008A886B /* Debug */ = {
			isa = XCBuildConfiguration;
			buildSettings = {
				ASSETCATALOG_COMPILER_APPICON_NAME = AppIcon;
				ASSETCATALOG_COMPILER_GLOBAL_ACCENT_COLOR_NAME = AccentColor;
				CODE_SIGN_ENTITLEMENTS = LoginScreenUI/LoginScreenUI.entitlements;
				CODE_SIGN_STYLE = Automatic;
				CURRENT_PROJECT_VERSION = 1;
				DEVELOPMENT_ASSET_PATHS = "\"LoginScreenUI/Preview Content\"";
				ENABLE_PREVIEWS = YES;
				GENERATE_INFOPLIST_FILE = YES;
				"INFOPLIST_KEY_UIApplicationSceneManifest_Generation[sdk=iphoneos*]" = YES;
				"INFOPLIST_KEY_UIApplicationSceneManifest_Generation[sdk=iphonesimulator*]" = YES;
				"INFOPLIST_KEY_UIApplicationSupportsIndirectInputEvents[sdk=iphoneos*]" = YES;
				"INFOPLIST_KEY_UIApplicationSupportsIndirectInputEvents[sdk=iphonesimulator*]" = YES;
				"INFOPLIST_KEY_UILaunchScreen_Generation[sdk=iphoneos*]" = YES;
				"INFOPLIST_KEY_UILaunchScreen_Generation[sdk=iphonesimulator*]" = YES;
				"INFOPLIST_KEY_UIStatusBarStyle[sdk=iphoneos*]" = UIStatusBarStyleDefault;
				"INFOPLIST_KEY_UIStatusBarStyle[sdk=iphonesimulator*]" = UIStatusBarStyleDefault;
				INFOPLIST_KEY_UISupportedInterfaceOrientations_iPad = "UIInterfaceOrientationPortrait UIInterfaceOrientationPortraitUpsideDown UIInterfaceOrientationLandscapeLeft UIInterfaceOrientationLandscapeRight";
				INFOPLIST_KEY_UISupportedInterfaceOrientations_iPhone = "UIInterfaceOrientationPortrait UIInterfaceOrientationLandscapeLeft UIInterfaceOrientationLandscapeRight";
				IPHONEOS_DEPLOYMENT_TARGET = 16.4;
				LD_RUNPATH_SEARCH_PATHS = "@executable_path/Frameworks";
				"LD_RUNPATH_SEARCH_PATHS[sdk=macosx*]" = "@executable_path/../Frameworks";
				MACOSX_DEPLOYMENT_TARGET = 13.3;
				MARKETING_VERSION = 1.0;
				PRODUCT_BUNDLE_IDENTIFIER = ErRayn.LoginScreenUI;
				PRODUCT_NAME = "$(TARGET_NAME)";
				SDKROOT = auto;
				SUPPORTED_PLATFORMS = "iphoneos iphonesimulator macosx";
				SWIFT_EMIT_LOC_STRINGS = YES;
				SWIFT_VERSION = 5.0;
				TARGETED_DEVICE_FAMILY = "1,2";
			};
			name = Debug;
		};
		F9411B2929DE234C008A886B /* Release */ = {
			isa = XCBuildConfiguration;
			buildSettings = {
				ASSETCATALOG_COMPILER_APPICON_NAME = AppIcon;
				ASSETCATALOG_COMPILER_GLOBAL_ACCENT_COLOR_NAME = AccentColor;
				CODE_SIGN_ENTITLEMENTS = LoginScreenUI/LoginScreenUI.entitlements;
				CODE_SIGN_STYLE = Automatic;
				CURRENT_PROJECT_VERSION = 1;
				DEVELOPMENT_ASSET_PATHS = "\"LoginScreenUI/Preview Content\"";
				ENABLE_PREVIEWS = YES;
				GENERATE_INFOPLIST_FILE = YES;
				"INFOPLIST_KEY_UIApplicationSceneManifest_Generation[sdk=iphoneos*]" = YES;
				"INFOPLIST_KEY_UIApplicationSceneManifest_Generation[sdk=iphonesimulator*]" = YES;
				"INFOPLIST_KEY_UIApplicationSupportsIndirectInputEvents[sdk=iphoneos*]" = YES;
				"INFOPLIST_KEY_UIApplicationSupportsIndirectInputEvents[sdk=iphonesimulator*]" = YES;
				"INFOPLIST_KEY_UILaunchScreen_Generation[sdk=iphoneos*]" = YES;
				"INFOPLIST_KEY_UILaunchScreen_Generation[sdk=iphonesimulator*]" = YES;
				"INFOPLIST_KEY_UIStatusBarStyle[sdk=iphoneos*]" = UIStatusBarStyleDefault;
				"INFOPLIST_KEY_UIStatusBarStyle[sdk=iphonesimulator*]" = UIStatusBarStyleDefault;
				INFOPLIST_KEY_UISupportedInterfaceOrientations_iPad = "UIInterfaceOrientationPortrait UIInterfaceOrientationPortraitUpsideDown UIInterfaceOrientationLandscapeLeft UIInterfaceOrientationLandscapeRight";
				INFOPLIST_KEY_UISupportedInterfaceOrientations_iPhone = "UIInterfaceOrientationPortrait UIInterfaceOrientationLandscapeLeft UIInterfaceOrientationLandscapeRight";
				IPHONEOS_DEPLOYMENT_TARGET = 16.4;
				LD_RUNPATH_SEARCH_PATHS = "@executable_path/Frameworks";
				"LD_RUNPATH_SEARCH_PATHS[sdk=macosx*]" = "@executable_path/../Frameworks";
				MACOSX_DEPLOYMENT_TARGET = 13.3;
				MARKETING_VERSION = 1.0;
				PRODUCT_BUNDLE_IDENTIFIER = ErRayn.LoginScreenUI;
				PRODUCT_NAME = "$(TARGET_NAME)";
				SDKROOT = auto;
				SUPPORTED_PLATFORMS = "iphoneos iphonesimulator macosx";
				SWIFT_EMIT_LOC_STRINGS = YES;
				SWIFT_VERSION = 5.0;
				TARGETED_DEVICE_FAMILY = "1,2";
			};
			name = Release;
		};
		F9411B2B29DE234C008A886B /* Debug */ = {
			isa = XCBuildConfiguration;
			buildSettings = {
				ALWAYS_EMBED_SWIFT_STANDARD_LIBRARIES = YES;
				BUNDLE_LOADER = "$(TEST_HOST)";
				CODE_SIGN_STYLE = Automatic;
				CURRENT_PROJECT_VERSION = 1;
				GENERATE_INFOPLIST_FILE = YES;
				IPHONEOS_DEPLOYMENT_TARGET = 16.4;
				MACOSX_DEPLOYMENT_TARGET = 13.3;
				MARKETING_VERSION = 1.0;
				PRODUCT_BUNDLE_IDENTIFIER = ErRayn.LoginScreenUITests;
				PRODUCT_NAME = "$(TARGET_NAME)";
				SDKROOT = auto;
				SUPPORTED_PLATFORMS = "iphoneos iphonesimulator macosx";
				SWIFT_EMIT_LOC_STRINGS = NO;
				SWIFT_VERSION = 5.0;
				TARGETED_DEVICE_FAMILY = "1,2";
				TEST_HOST = "$(BUILT_PRODUCTS_DIR)/LoginScreenUI.app/$(BUNDLE_EXECUTABLE_FOLDER_PATH)/LoginScreenUI";
			};
			name = Debug;
		};
		F9411B2C29DE234C008A886B /* Release */ = {
			isa = XCBuildConfiguration;
			buildSettings = {
				ALWAYS_EMBED_SWIFT_STANDARD_LIBRARIES = YES;
				BUNDLE_LOADER = "$(TEST_HOST)";
				CODE_SIGN_STYLE = Automatic;
				CURRENT_PROJECT_VERSION = 1;
				GENERATE_INFOPLIST_FILE = YES;
				IPHONEOS_DEPLOYMENT_TARGET = 16.4;
				MACOSX_DEPLOYMENT_TARGET = 13.3;
				MARKETING_VERSION = 1.0;
				PRODUCT_BUNDLE_IDENTIFIER = ErRayn.LoginScreenUITests;
				PRODUCT_NAME = "$(TARGET_NAME)";
				SDKROOT = auto;
				SUPPORTED_PLATFORMS = "iphoneos iphonesimulator macosx";
				SWIFT_EMIT_LOC_STRINGS = NO;
				SWIFT_VERSION = 5.0;
				TARGETED_DEVICE_FAMILY = "1,2";
				TEST_HOST = "$(BUILT_PRODUCTS_DIR)/LoginScreenUI.app/$(BUNDLE_EXECUTABLE_FOLDER_PATH)/LoginScreenUI";
			};
			name = Release;
		};
		F9411B2E29DE234C008A886B /* Debug */ = {
			isa = XCBuildConfiguration;
			buildSettings = {
				ALWAYS_EMBED_SWIFT_STANDARD_LIBRARIES = YES;
				CODE_SIGN_STYLE = Automatic;
				CURRENT_PROJECT_VERSION = 1;
				GENERATE_INFOPLIST_FILE = YES;
				IPHONEOS_DEPLOYMENT_TARGET = 16.4;
				MACOSX_DEPLOYMENT_TARGET = 13.3;
				MARKETING_VERSION = 1.0;
				PRODUCT_BUNDLE_IDENTIFIER = ErRayn.LoginScreenUIUITests;
				PRODUCT_NAME = "$(TARGET_NAME)";
				SDKROOT = auto;
				SUPPORTED_PLATFORMS = "iphoneos iphonesimulator macosx";
				SWIFT_EMIT_LOC_STRINGS = NO;
				SWIFT_VERSION = 5.0;
				TARGETED_DEVICE_FAMILY = "1,2";
				TEST_TARGET_NAME = LoginScreenUI;
			};
			name = Debug;
		};
		F9411B2F29DE234C008A886B /* Release */ = {
			isa = XCBuildConfiguration;
			buildSettings = {
				ALWAYS_EMBED_SWIFT_STANDARD_LIBRARIES = YES;
				CODE_SIGN_STYLE = Automatic;
				CURRENT_PROJECT_VERSION = 1;
				GENERATE_INFOPLIST_FILE = YES;
				IPHONEOS_DEPLOYMENT_TARGET = 16.4;
				MACOSX_DEPLOYMENT_TARGET = 13.3;
				MARKETING_VERSION = 1.0;
				PRODUCT_BUNDLE_IDENTIFIER = ErRayn.LoginScreenUIUITests;
				PRODUCT_NAME = "$(TARGET_NAME)";
				SDKROOT = auto;
				SUPPORTED_PLATFORMS = "iphoneos iphonesimulator macosx";
				SWIFT_EMIT_LOC_STRINGS = NO;
				SWIFT_VERSION = 5.0;
				TARGETED_DEVICE_FAMILY = "1,2";
				TEST_TARGET_NAME = LoginScreenUI;
			};
			name = Release;
		};
/* End XCBuildConfiguration section */

/* Begin XCConfigurationList section */
		F9411AFD29DE234B008A886B /* Build configuration list for PBXProject "LoginScreenUI" */ = {
			isa = XCConfigurationList;
			buildConfigurations = (
				F9411B2529DE234C008A886B /* Debug */,
				F9411B2629DE234C008A886B /* Release */,
			);
			defaultConfigurationIsVisible = 0;
			defaultConfigurationName = Release;
		};
		F9411B2729DE234C008A886B /* Build configuration list for PBXNativeTarget "LoginScreenUI" */ = {
			isa = XCConfigurationList;
			buildConfigurations = (
				F9411B2829DE234C008A886B /* Debug */,
				F9411B2929DE234C008A886B /* Release */,
			);
			defaultConfigurationIsVisible = 0;
			defaultConfigurationName = Release;
		};
		F9411B2A29DE234C008A886B /* Build configuration list for PBXNativeTarget "LoginScreenUITests" */ = {
			isa = XCConfigurationList;
			buildConfigurations = (
				F9411B2B29DE234C008A886B /* Debug */,
				F9411B2C29DE234C008A886B /* Release */,
			);
			defaultConfigurationIsVisible = 0;
			defaultConfigurationName = Release;
		};
		F9411B2D29DE234C008A886B /* Build configuration list for PBXNativeTarget "LoginScreenUIUITests" */ = {
			isa = XCConfigurationList;
			buildConfigurations = (
				F9411B2E29DE234C008A886B /* Debug */,
				F9411B2F29DE234C008A886B /* Release */,
			);
			defaultConfigurationIsVisible = 0;
			defaultConfigurationName = Release;
		};
/* End XCConfigurationList section */
	};
	rootObject = F9411AFA29DE234B008A886B /* Project object */;
}
